
Microsoft Visual Studio Solution File, Format Version 12.00
# Visual Studio 15
VisualStudioVersion = 15.0.28307.136
MinimumVisualStudioVersion = 10.0.40219.1
Project("{FAE04EC0-301F-11D3-BF4B-00C04F79EFBC}") = "laba1", "laba1\laba1.csproj", "{81559460-F62E-48BE-9D39-DAAE7796BABF}"
EndProject
Global
	GlobalSection(SolutionConfigurationPlatforms) = preSolution
		Debug|Any CPU = Debug|Any CPU
		Release|Any CPU = Release|Any CPU
	EndGlobalSection
	GlobalSection(ProjectConfigurationPlatforms) = postSolution
		{81559460-F62E-48BE-9D39-DAAE7796BABF}.Debug|Any CPU.ActiveCfg = Debug|Any CPU
		{81559460-F62E-48BE-9D39-DAAE7796BABF}.Debug|Any CPU.Build.0 = Debug|Any CPU
		{81559460-F62E-48BE-9D39-DAAE7796BABF}.Release|Any CPU.ActiveCfg = Release|Any CPU
		{81559460-F62E-48BE-9D39-DAAE7796BABF}.Release|Any CPU.Build.0 = Release|Any CPU
	EndGlobalSection
	GlobalSection(SolutionProperties) = preSolution
		HideSolutionNode = FALSE
	EndGlobalSection
	GlobalSection(ExtensibilityGlobals) = postSolution
		SolutionGuid = {AF96E321-FF92-4A4B-B801-84D48462DF96}
	EndGlobalSection
EndGlobal
